
Microsoft Visual Studio Solution File, Format Version 12.00
# Visual Studio Version 16
VisualStudioVersion = 16.0.32630.194
MinimumVisualStudioVersion = 10.0.40219.1
Project("{FAE04EC0-301F-11D3-BF4B-00C04F79EFBC}") = "BusinessLayer", "BusinessLayer.csproj", "{1D0F0027-FF1B-4037-B009-707C2CFFBAD8}"
EndProject
Project("{FAE04EC0-301F-11D3-BF4B-00C04F79EFBC}") = "Data_Layer", "..\Data_Layer\Data_Layer.csproj", "{4C8FE560-D835-46BE-BDD5-FAD199EFF93E}"
EndProject
Global
	GlobalSection(SolutionConfigurationPlatforms) = preSolution
		Debug|Any CPU = Debug|Any CPU
		Release|Any CPU = Release|Any CPU
	EndGlobalSection
	GlobalSection(ProjectConfigurationPlatforms) = postSolution
		{1D0F0027-FF1B-4037-B009-707C2CFFBAD8}.Debug|Any CPU.ActiveCfg = Debug|Any CPU
		{1D0F0027-FF1B-4037-B009-707C2CFFBAD8}.Debug|Any CPU.Build.0 = Debug|Any CPU
		{1D0F0027-FF1B-4037-B009-707C2CFFBAD8}.Release|Any CPU.ActiveCfg = Release|Any CPU
		{1D0F0027-FF1B-4037-B009-707C2CFFBAD8}.Release|Any CPU.Build.0 = Release|Any CPU
		{4C8FE560-D835-46BE-BDD5-FAD199EFF93E}.Debug|Any CPU.ActiveCfg = Debug|Any CPU
		{4C8FE560-D835-46BE-BDD5-FAD199EFF93E}.Debug|Any CPU.Build.0 = Debug|Any CPU
		{4C8FE560-D835-46BE-BDD5-FAD199EFF93E}.Release|Any CPU.ActiveCfg = Release|Any CPU
		{4C8FE560-D835-46BE-BDD5-FAD199EFF93E}.Release|Any CPU.Build.0 = Release|Any CPU
	EndGlobalSection
	GlobalSection(SolutionProperties) = preSolution
		HideSolutionNode = FALSE
	EndGlobalSection
	GlobalSection(ExtensibilityGlobals) = postSolution
		SolutionGuid = {FA49305A-E77A-4C38-9BC4-13EAB4F3A077}
	EndGlobalSection
EndGlobal
